
Microsoft Visual Studio Solution File, Format Version 12.00
# Visual Studio Version 17
VisualStudioVersion = 17.4.33213.308
MinimumVisualStudioVersion = 10.0.40219.1
Project("{9A19103F-16F7-4668-BE54-9A1E7A4F7556}") = "CLI", "CLI.csproj", "{78E2B4C7-752A-4F8C-A892-A1D39C48B564}"
EndProject
Global
	GlobalSection(SolutionConfigurationPlatforms) = preSolution
		Debug|Any CPU = Debug|Any CPU
		Release|Any CPU = Release|Any CPU
	EndGlobalSection
	GlobalSection(ProjectConfigurationPlatforms) = postSolution
		{78E2B4C7-752A-4F8C-A892-A1D39C48B564}.Debug|Any CPU.ActiveCfg = Debug|Any CPU
		{78E2B4C7-752A-4F8C-A892-A1D39C48B564}.Debug|Any CPU.Build.0 = Debug|Any CPU
		{78E2B4C7-752A-4F8C-A892-A1D39C48B564}.Release|Any CPU.ActiveCfg = Release|Any CPU
		{78E2B4C7-752A-4F8C-A892-A1D39C48B564}.Release|Any CPU.Build.0 = Release|Any CPU
	EndGlobalSection
	GlobalSection(SolutionProperties) = preSolution
		HideSolutionNode = FALSE
	EndGlobalSection
	GlobalSection(ExtensibilityGlobals) = postSolution
		SolutionGuid = {34AFD72B-0BFF-4E74-BD9E-F60920E02CF4}
	EndGlobalSection
EndGlobal
