
Microsoft Visual Studio Solution File, Format Version 12.00
# Visual Studio Version 17
VisualStudioVersion = 17.6.33513.286
MinimumVisualStudioVersion = 10.0.40219.1
Project("{9A19103F-16F7-4668-BE54-9A1E7A4F7556}") = "CLI", "CLI.csproj", "{F02E181D-78C1-4FC8-8AAE-31F76220BAAA}"
EndProject
Project("{2150E333-8FDC-42A3-9474-1A3956D46DE8}") = "Solution Items", "Solution Items", "{55800C93-76B1-47D3-816B-C077177860AF}"
	ProjectSection(SolutionItems) = preProject
		.editorconfig = .editorconfig
	EndProjectSection
EndProject
Global
	GlobalSection(SolutionConfigurationPlatforms) = preSolution
		Debug|Any CPU = Debug|Any CPU
		Release|Any CPU = Release|Any CPU
	EndGlobalSection
	GlobalSection(ProjectConfigurationPlatforms) = postSolution
		{F02E181D-78C1-4FC8-8AAE-31F76220BAAA}.Debug|Any CPU.ActiveCfg = Debug|Any CPU
		{F02E181D-78C1-4FC8-8AAE-31F76220BAAA}.Debug|Any CPU.Build.0 = Debug|Any CPU
		{F02E181D-78C1-4FC8-8AAE-31F76220BAAA}.Release|Any CPU.ActiveCfg = Release|Any CPU
		{F02E181D-78C1-4FC8-8AAE-31F76220BAAA}.Release|Any CPU.Build.0 = Release|Any CPU
	EndGlobalSection
	GlobalSection(SolutionProperties) = preSolution
		HideSolutionNode = FALSE
	EndGlobalSection
	GlobalSection(ExtensibilityGlobals) = postSolution
		SolutionGuid = {0144A25A-E620-4F18-B518-DF68D5456B8F}
	EndGlobalSection
EndGlobal
