
Microsoft Visual Studio Solution File, Format Version 12.00
# Visual Studio Version 17
VisualStudioVersion = 17.5.33414.496
MinimumVisualStudioVersion = 10.0.40219.1
Project("{888888A0-9F3D-457C-B088-3A5042F75D52}") = "TransportNet_classifier_v1", "TransportNet_classifier_v1.pyproj", "{3B6BC0CF-D046-4DDF-84DE-03B92C970717}"
EndProject
Global
	GlobalSection(SolutionConfigurationPlatforms) = preSolution
		Debug|Any CPU = Debug|Any CPU
		Release|Any CPU = Release|Any CPU
	EndGlobalSection
	GlobalSection(ProjectConfigurationPlatforms) = postSolution
		{3B6BC0CF-D046-4DDF-84DE-03B92C970717}.Debug|Any CPU.ActiveCfg = Debug|Any CPU
		{3B6BC0CF-D046-4DDF-84DE-03B92C970717}.Release|Any CPU.ActiveCfg = Release|Any CPU
	EndGlobalSection
	GlobalSection(SolutionProperties) = preSolution
		HideSolutionNode = FALSE
	EndGlobalSection
	GlobalSection(ExtensibilityGlobals) = postSolution
		SolutionGuid = {DD5A9F05-A734-4157-A750-2114A8E0F906}
	EndGlobalSection
EndGlobal
