
Microsoft Visual Studio Solution File, Format Version 12.00
# Visual Studio Version 17
VisualStudioVersion = 17.3.32929.385
MinimumVisualStudioVersion = 10.0.40219.1
Project("{888888A0-9F3D-457C-B088-3A5042F75D52}") = "Stable_draw_server", "Stable_draw_server\Stable_draw_server.pyproj", "{33B93C86-C6FA-4AF8-86C4-BA07E8B240DB}"
EndProject
Global
	GlobalSection(SolutionConfigurationPlatforms) = preSolution
		Debug|Any CPU = Debug|Any CPU
		Release|Any CPU = Release|Any CPU
	EndGlobalSection
	GlobalSection(ProjectConfigurationPlatforms) = postSolution
		{33B93C86-C6FA-4AF8-86C4-BA07E8B240DB}.Debug|Any CPU.ActiveCfg = Debug|Any CPU
		{33B93C86-C6FA-4AF8-86C4-BA07E8B240DB}.Release|Any CPU.ActiveCfg = Release|Any CPU
	EndGlobalSection
	GlobalSection(SolutionProperties) = preSolution
		HideSolutionNode = FALSE
	EndGlobalSection
	GlobalSection(ExtensibilityGlobals) = postSolution
		SolutionGuid = {F570B0F1-47A4-46D0-82DF-196E907874E7}
	EndGlobalSection
EndGlobal
