
Microsoft Visual Studio Solution File, Format Version 12.00
# Visual Studio Version 17
VisualStudioVersion = 17.6.33815.320
MinimumVisualStudioVersion = 10.0.40219.1
Project("{54A90642-561A-4BB1-A94E-469ADEE60C69}") = "reactapp", "reactapp\reactapp.esproj", "{8565DC03-D762-43E9-A793-55D10374870F}"
EndProject
Project("{9A19103F-16F7-4668-BE54-9A1E7A4F7556}") = "webapi", "webapi\webapi.csproj", "{CEE6E2A6-29BB-404F-83E0-D06DD09B21FB}"
EndProject
Project("{FAE04EC0-301F-11D3-BF4B-00C04F79EFBC}") = "Infrastructure", "Infrastructure\Infrastructure.csproj", "{0BA7B44E-4E7A-4B67-AC0B-6A51C203862F}"
EndProject
Global
	GlobalSection(SolutionConfigurationPlatforms) = preSolution
		Debug|Any CPU = Debug|Any CPU
		Release|Any CPU = Release|Any CPU
	EndGlobalSection
	GlobalSection(ProjectConfigurationPlatforms) = postSolution
		{8565DC03-D762-43E9-A793-55D10374870F}.Debug|Any CPU.ActiveCfg = Debug|Any CPU
		{8565DC03-D762-43E9-A793-55D10374870F}.Debug|Any CPU.Build.0 = Debug|Any CPU
		{8565DC03-D762-43E9-A793-55D10374870F}.Debug|Any CPU.Deploy.0 = Debug|Any CPU
		{8565DC03-D762-43E9-A793-55D10374870F}.Release|Any CPU.ActiveCfg = Release|Any CPU
		{8565DC03-D762-43E9-A793-55D10374870F}.Release|Any CPU.Build.0 = Release|Any CPU
		{8565DC03-D762-43E9-A793-55D10374870F}.Release|Any CPU.Deploy.0 = Release|Any CPU
		{CEE6E2A6-29BB-404F-83E0-D06DD09B21FB}.Debug|Any CPU.ActiveCfg = Debug|Any CPU
		{CEE6E2A6-29BB-404F-83E0-D06DD09B21FB}.Debug|Any CPU.Build.0 = Debug|Any CPU
		{CEE6E2A6-29BB-404F-83E0-D06DD09B21FB}.Release|Any CPU.ActiveCfg = Release|Any CPU
		{CEE6E2A6-29BB-404F-83E0-D06DD09B21FB}.Release|Any CPU.Build.0 = Release|Any CPU
		{0BA7B44E-4E7A-4B67-AC0B-6A51C203862F}.Debug|Any CPU.ActiveCfg = Debug|Any CPU
		{0BA7B44E-4E7A-4B67-AC0B-6A51C203862F}.Debug|Any CPU.Build.0 = Debug|Any CPU
		{0BA7B44E-4E7A-4B67-AC0B-6A51C203862F}.Release|Any CPU.ActiveCfg = Release|Any CPU
		{0BA7B44E-4E7A-4B67-AC0B-6A51C203862F}.Release|Any CPU.Build.0 = Release|Any CPU
	EndGlobalSection
	GlobalSection(SolutionProperties) = preSolution
		HideSolutionNode = FALSE
	EndGlobalSection
	GlobalSection(ExtensibilityGlobals) = postSolution
		SolutionGuid = {B882EE3C-C8B6-453F-B5ED-DED6AE90C918}
	EndGlobalSection
EndGlobal
