
Microsoft Visual Studio Solution File, Format Version 12.00
# Visual Studio Version 17
VisualStudioVersion = 17.5.33414.496
MinimumVisualStudioVersion = 10.0.40219.1
Project("{888888A0-9F3D-457C-B088-3A5042F75D52}") = "Stable_draw_classifier_v1", "Stable_draw_classifier_v1.pyproj", "{EA5046CC-D538-4931-A136-0A3504A414A3}"
EndProject
Global
	GlobalSection(SolutionConfigurationPlatforms) = preSolution
		Debug|Any CPU = Debug|Any CPU
		Release|Any CPU = Release|Any CPU
	EndGlobalSection
	GlobalSection(ProjectConfigurationPlatforms) = postSolution
		{EA5046CC-D538-4931-A136-0A3504A414A3}.Debug|Any CPU.ActiveCfg = Debug|Any CPU
		{EA5046CC-D538-4931-A136-0A3504A414A3}.Release|Any CPU.ActiveCfg = Release|Any CPU
	EndGlobalSection
	GlobalSection(SolutionProperties) = preSolution
		HideSolutionNode = FALSE
	EndGlobalSection
	GlobalSection(ExtensibilityGlobals) = postSolution
		SolutionGuid = {781E58CF-A2DC-427B-8344-D62A45B98CCE}
	EndGlobalSection
EndGlobal
